
Microsoft Visual Studio Solution File, Format Version 12.00
# Visual Studio Version 17
VisualStudioVersion = 17.10.35013.160
MinimumVisualStudioVersion = 10.0.40219.1
Project("{FAE04EC0-301F-11D3-BF4B-00C04F79EFBC}") = "crud", "crud\crud.csproj", "{30997D50-2B5E-4D04-AAAA-52C36E1CB807}"
EndProject
Global
	GlobalSection(SolutionConfigurationPlatforms) = preSolution
		Debug|Any CPU = Debug|Any CPU
		Release|Any CPU = Release|Any CPU
	EndGlobalSection
	GlobalSection(ProjectConfigurationPlatforms) = postSolution
		{30997D50-2B5E-4D04-AAAA-52C36E1CB807}.Debug|Any CPU.ActiveCfg = Debug|Any CPU
		{30997D50-2B5E-4D04-AAAA-52C36E1CB807}.Debug|Any CPU.Build.0 = Debug|Any CPU
		{30997D50-2B5E-4D04-AAAA-52C36E1CB807}.Release|Any CPU.ActiveCfg = Release|Any CPU
		{30997D50-2B5E-4D04-AAAA-52C36E1CB807}.Release|Any CPU.Build.0 = Release|Any CPU
	EndGlobalSection
	GlobalSection(SolutionProperties) = preSolution
		HideSolutionNode = FALSE
	EndGlobalSection
	GlobalSection(ExtensibilityGlobals) = postSolution
		SolutionGuid = {FE549FED-7815-4907-8574-D53774586237}
	EndGlobalSection
EndGlobal
